<?xml version="1.0" encoding="utf-8"?>
<Project ToolsVersion="4.0" xmlns="http://schemas.microsoft.com/developer/msbuild/2003">
  <ItemGroup>
    <Filter Include="Source Files">
      <UniqueIdentifier>{b1a7b8a0-9529-4edc-8fd0-79f45429a80c}</UniqueIdentifier>
      <Extensions>cpp;c;cxx;rc;def;r;odl;idl;hpj;bat</Extensions>
    </Filter>
    <Filter Include="Header Files">
      <UniqueIdentifier>{4dd72689-0679-4564-8353-3354cc8ad16b}</UniqueIdentifier>
      <Extensions>h;hpp;hxx;hm;inl</Extensions>
    </Filter>
    <Filter Include="Resource Files">
      <UniqueIdentifier>{90e8f30b-4bdc-4dab-9512-c4193e276c4c}</UniqueIdentifier>
      <Extensions>ico;cur;bmp;dlg;rc2;rct;bin;rgs;gif;jpg;jpeg;jpe</Extensions>
    </Filter>
  </ItemGroup>
  <ItemGroup>
    <ClCompile Include="buildTime.cxx">
      <Filter>Source Files</Filter>
    </ClCompile>
    <ClCompile Include="CConn.cxx">
      <Filter>Source Files</Filter>
    </ClCompile>
    <ClCompile Include="CConnOptions.cxx">
      <Filter>Source Files</Filter>
    </ClCompile>
    <ClCompile Include="CConnThread.cxx">
      <Filter>Source Files</Filter>
    </ClCompile>
    <ClCompile Include="ConnectingDialog.cxx">
      <Filter>Source Files</Filter>
    </ClCompile>
    <ClCompile Include="ConnectionDialog.cxx">
      <Filter>Source Files</Filter>
    </ClCompile>
    <ClCompile Include="DesktopWindow.cxx">
      <Filter>Source Files</Filter>
    </ClCompile>
    <ClCompile Include="InfoDialog.cxx">
      <Filter>Source Files</Filter>
    </ClCompile>
    <ClCompile Include="OptionsDialog.cxx">
      <Filter>Source Files</Filter>
    </ClCompile>
    <ClCompile Include="UserPasswdDialog.cxx">
      <Filter>Source Files</Filter>
    </ClCompile>
    <ClCompile Include="vncviewer.cxx">
      <Filter>Source Files</Filter>
    </ClCompile>
  </ItemGroup>
  <ItemGroup>
    <ResourceCompile Include="vncviewer.rc">
      <Filter>Source Files</Filter>
    </ResourceCompile>
  </ItemGroup>
  <ItemGroup>
    <ClInclude Include="CConn.h">
      <Filter>Header Files</Filter>
    </ClInclude>
    <ClInclude Include="CConnOptions.h">
      <Filter>Header Files</Filter>
    </ClInclude>
    <ClInclude Include="CConnThread.h">
      <Filter>Header Files</Filter>
    </ClInclude>
    <ClInclude Include="ConnectingDialog.h">
      <Filter>Header Files</Filter>
    </ClInclude>
    <ClInclude Include="ConnectionDialog.h">
      <Filter>Header Files</Filter>
    </ClInclude>
    <ClInclude Include="DesktopWindow.h">
      <Filter>Header Files</Filter>
    </ClInclude>
    <ClInclude Include="InfoDialog.h">
      <Filter>Header Files</Filter>
    </ClInclude>
    <ClInclude Include="ListenServer.h">
      <Filter>Header Files</Filter>
    </ClInclude>
    <ClInclude Include="ListenTrayIcon.h">
      <Filter>Header Files</Filter>
    </ClInclude>
    <ClInclude Include="MRU.h">
      <Filter>Header Files</Filter>
    </ClInclude>
    <ClInclude Include="OptionsDialog.h">
      <Filter>Header Files</Filter>
    </ClInclude>
    <ClInclude Include="resource.h">
      <Filter>Header Files</Filter>
    </ClInclude>
    <ClInclude Include="UserPasswdDialog.h">
      <Filter>Header Files</Filter>
    </ClInclude>
  </ItemGroup>
  <ItemGroup>
    <None Include="cursor1.cur">
      <Filter>Resource Files</Filter>
    </None>
  </ItemGroup>
  <ItemGroup>
    <Image Include="vncviewer.bmp">
      <Filter>Resource Files</Filter>
    </Image>
    <Image Include="vncviewer.ico">
      <Filter>Resource Files</Filter>
    </Image>
  </ItemGroup>
  <ItemGroup>
    <CustomBuild Include="vncviewer.exe.manifest">
      <Filter>Resource Files</Filter>
    </CustomBuild>
  </ItemGroup>
</Project>